
Microsoft Visual Studio Solution File, Format Version 12.00
# Visual Studio 15
VisualStudioVersion = 15.0.26430.16
MinimumVisualStudioVersion = 10.0.40219.1
Project("{FAE04EC0-301F-11D3-BF4B-00C04F79EFBC}") = "SelectionSortApp", "SelectionSortApp\SelectionSortApp.csproj", "{E5516EB3-EAE7-47F0-8C89-3000A77A0BA3}"
EndProject
Project("{FAE04EC0-301F-11D3-BF4B-00C04F79EFBC}") = "BubbleSortApp", "BubbleSortApp\BubbleSortApp.csproj", "{13A3889F-7508-483A-9707-DD7B0FDF8F4E}"
EndProject
Project("{FAE04EC0-301F-11D3-BF4B-00C04F79EFBC}") = "InsertSortApp", "InsertSortApp\InsertSortApp.csproj", "{824280E4-5A72-4174-9F5C-CA3469AAC48F}"
EndProject
Project("{FAE04EC0-301F-11D3-BF4B-00C04F79EFBC}") = "StackApp", "StackApp\StackApp.csproj", "{14D4F644-6C2C-48C9-8E06-E1EAF42346FD}"
EndProject
Project("{FAE04EC0-301F-11D3-BF4B-00C04F79EFBC}") = "Temp", "Temp\Temp.csproj", "{995791D5-0253-444C-8476-0AAE7DA063E0}"
EndProject
Project("{FAE04EC0-301F-11D3-BF4B-00C04F79EFBC}") = "BracketCheckerApp", "BracketCheckerApp\BracketCheckerApp.csproj", "{8AEF774D-C2C9-4D51-9076-5AFE9D04A4AB}"
EndProject
Project("{FAE04EC0-301F-11D3-BF4B-00C04F79EFBC}") = "QueueApp", "QueueApp\QueueApp.csproj", "{AF0DA5B3-BCB7-4D66-B847-3F6069B03B7B}"
EndProject
Project("{FAE04EC0-301F-11D3-BF4B-00C04F79EFBC}") = "LinkedListApp", "LinkedListApp\LinkedListApp.csproj", "{619A3739-BACF-44DE-A211-A5811F350E59}"
EndProject
Project("{FAE04EC0-301F-11D3-BF4B-00C04F79EFBC}") = "LinkedList2App", "LinkedList2App\LinkedList2App.csproj", "{466D1568-4408-4E68-B59C-F35D118C080A}"
EndProject
Project("{FAE04EC0-301F-11D3-BF4B-00C04F79EFBC}") = "Anagram", "Anagram\Anagram.csproj", "{A7A32A07-02D0-4A8B-800F-FDC9EBC794FD}"
EndProject
Project("{FAE04EC0-301F-11D3-BF4B-00C04F79EFBC}") = "Eratosthenes", "Eratosthenes\Eratosthenes.csproj", "{015F11C8-F621-410D-ADA6-4A1684B41B86}"
EndProject
Project("{FAE04EC0-301F-11D3-BF4B-00C04F79EFBC}") = "HashLinearProbing", "HashLinearProbing\HashLinearProbing.csproj", "{11C387F0-BF33-4C8A-B4E8-36E03DE91F4D}"
EndProject
Global
	GlobalSection(SolutionConfigurationPlatforms) = preSolution
		Debug|Any CPU = Debug|Any CPU
		Release|Any CPU = Release|Any CPU
	EndGlobalSection
	GlobalSection(ProjectConfigurationPlatforms) = postSolution
		{E5516EB3-EAE7-47F0-8C89-3000A77A0BA3}.Debug|Any CPU.ActiveCfg = Debug|Any CPU
		{E5516EB3-EAE7-47F0-8C89-3000A77A0BA3}.Debug|Any CPU.Build.0 = Debug|Any CPU
		{E5516EB3-EAE7-47F0-8C89-3000A77A0BA3}.Release|Any CPU.ActiveCfg = Release|Any CPU
		{E5516EB3-EAE7-47F0-8C89-3000A77A0BA3}.Release|Any CPU.Build.0 = Release|Any CPU
		{13A3889F-7508-483A-9707-DD7B0FDF8F4E}.Debug|Any CPU.ActiveCfg = Debug|Any CPU
		{13A3889F-7508-483A-9707-DD7B0FDF8F4E}.Debug|Any CPU.Build.0 = Debug|Any CPU
		{13A3889F-7508-483A-9707-DD7B0FDF8F4E}.Release|Any CPU.ActiveCfg = Release|Any CPU
		{13A3889F-7508-483A-9707-DD7B0FDF8F4E}.Release|Any CPU.Build.0 = Release|Any CPU
		{824280E4-5A72-4174-9F5C-CA3469AAC48F}.Debug|Any CPU.ActiveCfg = Debug|Any CPU
		{824280E4-5A72-4174-9F5C-CA3469AAC48F}.Debug|Any CPU.Build.0 = Debug|Any CPU
		{824280E4-5A72-4174-9F5C-CA3469AAC48F}.Release|Any CPU.ActiveCfg = Release|Any CPU
		{824280E4-5A72-4174-9F5C-CA3469AAC48F}.Release|Any CPU.Build.0 = Release|Any CPU
		{14D4F644-6C2C-48C9-8E06-E1EAF42346FD}.Debug|Any CPU.ActiveCfg = Debug|Any CPU
		{14D4F644-6C2C-48C9-8E06-E1EAF42346FD}.Debug|Any CPU.Build.0 = Debug|Any CPU
		{14D4F644-6C2C-48C9-8E06-E1EAF42346FD}.Release|Any CPU.ActiveCfg = Release|Any CPU
		{14D4F644-6C2C-48C9-8E06-E1EAF42346FD}.Release|Any CPU.Build.0 = Release|Any CPU
		{995791D5-0253-444C-8476-0AAE7DA063E0}.Debug|Any CPU.ActiveCfg = Debug|Any CPU
		{995791D5-0253-444C-8476-0AAE7DA063E0}.Debug|Any CPU.Build.0 = Debug|Any CPU
		{995791D5-0253-444C-8476-0AAE7DA063E0}.Release|Any CPU.ActiveCfg = Release|Any CPU
		{995791D5-0253-444C-8476-0AAE7DA063E0}.Release|Any CPU.Build.0 = Release|Any CPU
		{8AEF774D-C2C9-4D51-9076-5AFE9D04A4AB}.Debug|Any CPU.ActiveCfg = Debug|Any CPU
		{8AEF774D-C2C9-4D51-9076-5AFE9D04A4AB}.Debug|Any CPU.Build.0 = Debug|Any CPU
		{8AEF774D-C2C9-4D51-9076-5AFE9D04A4AB}.Release|Any CPU.ActiveCfg = Release|Any CPU
		{8AEF774D-C2C9-4D51-9076-5AFE9D04A4AB}.Release|Any CPU.Build.0 = Release|Any CPU
		{AF0DA5B3-BCB7-4D66-B847-3F6069B03B7B}.Debug|Any CPU.ActiveCfg = Debug|Any CPU
		{AF0DA5B3-BCB7-4D66-B847-3F6069B03B7B}.Debug|Any CPU.Build.0 = Debug|Any CPU
		{AF0DA5B3-BCB7-4D66-B847-3F6069B03B7B}.Release|Any CPU.ActiveCfg = Release|Any CPU
		{AF0DA5B3-BCB7-4D66-B847-3F6069B03B7B}.Release|Any CPU.Build.0 = Release|Any CPU
		{619A3739-BACF-44DE-A211-A5811F350E59}.Debug|Any CPU.ActiveCfg = Debug|Any CPU
		{619A3739-BACF-44DE-A211-A5811F350E59}.Debug|Any CPU.Build.0 = Debug|Any CPU
		{619A3739-BACF-44DE-A211-A5811F350E59}.Release|Any CPU.ActiveCfg = Release|Any CPU
		{619A3739-BACF-44DE-A211-A5811F350E59}.Release|Any CPU.Build.0 = Release|Any CPU
		{466D1568-4408-4E68-B59C-F35D118C080A}.Debug|Any CPU.ActiveCfg = Debug|Any CPU
		{466D1568-4408-4E68-B59C-F35D118C080A}.Debug|Any CPU.Build.0 = Debug|Any CPU
		{466D1568-4408-4E68-B59C-F35D118C080A}.Release|Any CPU.ActiveCfg = Release|Any CPU
		{466D1568-4408-4E68-B59C-F35D118C080A}.Release|Any CPU.Build.0 = Release|Any CPU
		{A7A32A07-02D0-4A8B-800F-FDC9EBC794FD}.Debug|Any CPU.ActiveCfg = Debug|Any CPU
		{A7A32A07-02D0-4A8B-800F-FDC9EBC794FD}.Debug|Any CPU.Build.0 = Debug|Any CPU
		{A7A32A07-02D0-4A8B-800F-FDC9EBC794FD}.Release|Any CPU.ActiveCfg = Release|Any CPU
		{A7A32A07-02D0-4A8B-800F-FDC9EBC794FD}.Release|Any CPU.Build.0 = Release|Any CPU
		{015F11C8-F621-410D-ADA6-4A1684B41B86}.Debug|Any CPU.ActiveCfg = Debug|Any CPU
		{015F11C8-F621-410D-ADA6-4A1684B41B86}.Debug|Any CPU.Build.0 = Debug|Any CPU
		{015F11C8-F621-410D-ADA6-4A1684B41B86}.Release|Any CPU.ActiveCfg = Release|Any CPU
		{015F11C8-F621-410D-ADA6-4A1684B41B86}.Release|Any CPU.Build.0 = Release|Any CPU
		{11C387F0-BF33-4C8A-B4E8-36E03DE91F4D}.Debug|Any CPU.ActiveCfg = Debug|Any CPU
		{11C387F0-BF33-4C8A-B4E8-36E03DE91F4D}.Debug|Any CPU.Build.0 = Debug|Any CPU
		{11C387F0-BF33-4C8A-B4E8-36E03DE91F4D}.Release|Any CPU.ActiveCfg = Release|Any CPU
		{11C387F0-BF33-4C8A-B4E8-36E03DE91F4D}.Release|Any CPU.Build.0 = Release|Any CPU
	EndGlobalSection
	GlobalSection(SolutionProperties) = preSolution
		HideSolutionNode = FALSE
	EndGlobalSection
EndGlobal
